
Microsoft Visual Studio Solution File, Format Version 12.00
# Visual Studio Version 17
VisualStudioVersion = 17.2.32630.192
MinimumVisualStudioVersion = 10.0.40219.1
Project("{9A19103F-16F7-4668-BE54-9A1E7A4F7556}") = "Lab1", "Clase1\Lab1.csproj", "{E3EF517B-A01C-4DAB-8E4F-2270C0CBE18F}"
EndProject
Project("{FAE04EC0-301F-11D3-BF4B-00C04F79EFBC}") = "Teo1", "Teo1\Teo1.csproj", "{F8A6174D-D829-411F-BDB7-AFF32E4A752B}"
EndProject
Project("{FAE04EC0-301F-11D3-BF4B-00C04F79EFBC}") = "Lab01", "Lab01\Lab01.csproj", "{07870F38-1B26-4AC2-88B2-5746D000A9D5}"
EndProject
Project("{FAE04EC0-301F-11D3-BF4B-00C04F79EFBC}") = "Lab02", "Lab02\Lab02.csproj", "{68AEE717-DF4F-4199-92E7-3842F10EA86F}"
EndProject
Project("{FAE04EC0-301F-11D3-BF4B-00C04F79EFBC}") = "Lab03", "Lab03\Lab03.csproj", "{28A834D7-6D84-4863-9131-2D0EB6CD3B25}"
EndProject
Project("{FAE04EC0-301F-11D3-BF4B-00C04F79EFBC}") = "Teo2", "Teo2\Teo2.csproj", "{793127DA-30B8-4310-AE3A-27AC3D60F3BD}"
EndProject
Project("{FAE04EC0-301F-11D3-BF4B-00C04F79EFBC}") = "Teo3", "Teo3\Teo3.csproj", "{9FEA0701-BF0B-4D66-87B5-E75AC7DD1DBC}"
EndProject
Project("{FAE04EC0-301F-11D3-BF4B-00C04F79EFBC}") = "Lab04", "Lab04\Lab04.csproj", "{C0040D49-AC6F-44A4-A269-3F6F3D519AAB}"
EndProject
Project("{FAE04EC0-301F-11D3-BF4B-00C04F79EFBC}") = "Teo4", "Teo4\Teo4.csproj", "{8D0C4DBD-A715-4A7F-9A49-F830284F0C62}"
EndProject
Project("{FAE04EC0-301F-11D3-BF4B-00C04F79EFBC}") = "WindowsService1", "WindowsService1\WindowsService1.csproj", "{A495AD0E-63D8-486F-98DF-0EAFEA34F43E}"
EndProject
Project("{FAE04EC0-301F-11D3-BF4B-00C04F79EFBC}") = "Teo5", "Teo5\Teo5.csproj", "{543099FB-6D6C-4AB3-9D26-296B6895976C}"
EndProject
Project("{FAE04EC0-301F-11D3-BF4B-00C04F79EFBC}") = "Lab05", "Lab05\Lab05.csproj", "{B43F656E-FD94-4B4C-AA8B-E7BC9C7CA3DB}"
EndProject
Project("{FAE04EC0-301F-11D3-BF4B-00C04F79EFBC}") = "ServicioLab05", "ServicioLab05\ServicioLab05.csproj", "{CCA8F829-51F5-47C5-914C-B0A1C13053AD}"
EndProject
Project("{FAE04EC0-301F-11D3-BF4B-00C04F79EFBC}") = "Teo6Server", "Teo6Server\Teo6Server.csproj", "{F486783E-D123-4310-8E8C-1DE39D5D7C3E}"
EndProject
Project("{FAE04EC0-301F-11D3-BF4B-00C04F79EFBC}") = "Teo6Cliente", "Teo6Cliente\Teo6Cliente.csproj", "{97E03BB8-BD0A-4FDD-842F-DCDCA8C2D933}"
EndProject
Project("{FAE04EC0-301F-11D3-BF4B-00C04F79EFBC}") = "Teo6WebApp", "Teo6WebApp\Teo6WebApp.csproj", "{0C11D1EE-8389-44C8-B626-E2DFD8FA993C}"
EndProject
Project("{FAE04EC0-301F-11D3-BF4B-00C04F79EFBC}") = "Teo6ConsumirWebService", "Teo6ConsumirWebService\Teo6ConsumirWebService.csproj", "{63BFDA1A-CDC4-442F-BF99-8EE45697B6C3}"
	ProjectSection(ProjectDependencies) = postProject
		{0C11D1EE-8389-44C8-B626-E2DFD8FA993C} = {0C11D1EE-8389-44C8-B626-E2DFD8FA993C}
	EndProjectSection
EndProject
Project("{FAE04EC0-301F-11D3-BF4B-00C04F79EFBC}") = "Lab06Web", "Lab06Web\Lab06Web.csproj", "{3BAD9CAE-A494-4D38-825C-7A2DDAE4BC56}"
EndProject
Project("{FAE04EC0-301F-11D3-BF4B-00C04F79EFBC}") = "Lab06Consola", "Lab06Consola\Lab06Consola.csproj", "{F0DCBF5B-3231-42FE-A834-67511783111C}"
	ProjectSection(ProjectDependencies) = postProject
		{3BAD9CAE-A494-4D38-825C-7A2DDAE4BC56} = {3BAD9CAE-A494-4D38-825C-7A2DDAE4BC56}
	EndProjectSection
EndProject
Project("{FAE04EC0-301F-11D3-BF4B-00C04F79EFBC}") = "Teo7", "Teo7\Teo7.csproj", "{6BADFF27-C01B-4D64-A52A-9F9AF02C5911}"
EndProject
Project("{FAE04EC0-301F-11D3-BF4B-00C04F79EFBC}") = "Lab07", "Lab07\Lab07.csproj", "{0784606D-3237-4B5F-85E3-4432E39A8D47}"
EndProject
Project("{FAE04EC0-301F-11D3-BF4B-00C04F79EFBC}") = "Teo8", "Teo8\Teo8.csproj", "{55B965EB-4B52-4FBF-B463-998DE9B8C57E}"
EndProject
Project("{FAE04EC0-301F-11D3-BF4B-00C04F79EFBC}") = "Lab08", "Lab08\Lab08.csproj", "{D3168E2B-6931-417E-84E6-D060F7E86FA4}"
EndProject
Project("{FAE04EC0-301F-11D3-BF4B-00C04F79EFBC}") = "ClienteUI", "Lab09ClientUI\ClienteUI.csproj", "{8E4928D4-A330-441B-AC69-715993B155BE}"
EndProject
Project("{2150E333-8FDC-42A3-9474-1A3956D46DE8}") = "Lab09", "Lab09", "{1C617EB6-9189-47B9-A68F-11B9C1DA21D4}"
EndProject
Project("{FAE04EC0-301F-11D3-BF4B-00C04F79EFBC}") = "Ventas.Mensajes", "Messages\Ventas.Mensajes.csproj", "{67F6FCC5-02DC-41F9-9A27-29763E1A6D85}"
EndProject
Project("{FAE04EC0-301F-11D3-BF4B-00C04F79EFBC}") = "Ventas", "Sales\Ventas.csproj", "{F33C44FE-E784-415F-86D5-B17A6D572C83}"
EndProject
Project("{FAE04EC0-301F-11D3-BF4B-00C04F79EFBC}") = "Facturacion", "Billing\Facturacion.csproj", "{7859B856-622F-4359-AD11-61AEDB47633F}"
EndProject
Project("{FAE04EC0-301F-11D3-BF4B-00C04F79EFBC}") = "Facturacion.Mensajes", "Billing.Messages\Facturacion.Mensajes.csproj", "{4A65B0A6-CC65-4B9C-B71F-B1784F9C5B19}"
EndProject
Project("{FAE04EC0-301F-11D3-BF4B-00C04F79EFBC}") = "Lab10", "Lab10\Lab10.csproj", "{902876C5-7ADA-42E5-A661-0A74DF3F753F}"
EndProject
Global
	GlobalSection(SolutionConfigurationPlatforms) = preSolution
		Debug|Any CPU = Debug|Any CPU
		Release|Any CPU = Release|Any CPU
	EndGlobalSection
	GlobalSection(ProjectConfigurationPlatforms) = postSolution
		{E3EF517B-A01C-4DAB-8E4F-2270C0CBE18F}.Debug|Any CPU.ActiveCfg = Debug|Any CPU
		{E3EF517B-A01C-4DAB-8E4F-2270C0CBE18F}.Debug|Any CPU.Build.0 = Debug|Any CPU
		{E3EF517B-A01C-4DAB-8E4F-2270C0CBE18F}.Release|Any CPU.ActiveCfg = Release|Any CPU
		{E3EF517B-A01C-4DAB-8E4F-2270C0CBE18F}.Release|Any CPU.Build.0 = Release|Any CPU
		{F8A6174D-D829-411F-BDB7-AFF32E4A752B}.Debug|Any CPU.ActiveCfg = Debug|Any CPU
		{F8A6174D-D829-411F-BDB7-AFF32E4A752B}.Debug|Any CPU.Build.0 = Debug|Any CPU
		{F8A6174D-D829-411F-BDB7-AFF32E4A752B}.Release|Any CPU.ActiveCfg = Release|Any CPU
		{F8A6174D-D829-411F-BDB7-AFF32E4A752B}.Release|Any CPU.Build.0 = Release|Any CPU
		{07870F38-1B26-4AC2-88B2-5746D000A9D5}.Debug|Any CPU.ActiveCfg = Debug|Any CPU
		{07870F38-1B26-4AC2-88B2-5746D000A9D5}.Debug|Any CPU.Build.0 = Debug|Any CPU
		{07870F38-1B26-4AC2-88B2-5746D000A9D5}.Release|Any CPU.ActiveCfg = Release|Any CPU
		{07870F38-1B26-4AC2-88B2-5746D000A9D5}.Release|Any CPU.Build.0 = Release|Any CPU
		{68AEE717-DF4F-4199-92E7-3842F10EA86F}.Debug|Any CPU.ActiveCfg = Debug|Any CPU
		{68AEE717-DF4F-4199-92E7-3842F10EA86F}.Debug|Any CPU.Build.0 = Debug|Any CPU
		{68AEE717-DF4F-4199-92E7-3842F10EA86F}.Release|Any CPU.ActiveCfg = Release|Any CPU
		{68AEE717-DF4F-4199-92E7-3842F10EA86F}.Release|Any CPU.Build.0 = Release|Any CPU
		{28A834D7-6D84-4863-9131-2D0EB6CD3B25}.Debug|Any CPU.ActiveCfg = Debug|Any CPU
		{28A834D7-6D84-4863-9131-2D0EB6CD3B25}.Debug|Any CPU.Build.0 = Debug|Any CPU
		{28A834D7-6D84-4863-9131-2D0EB6CD3B25}.Release|Any CPU.ActiveCfg = Release|Any CPU
		{28A834D7-6D84-4863-9131-2D0EB6CD3B25}.Release|Any CPU.Build.0 = Release|Any CPU
		{793127DA-30B8-4310-AE3A-27AC3D60F3BD}.Debug|Any CPU.ActiveCfg = Debug|Any CPU
		{793127DA-30B8-4310-AE3A-27AC3D60F3BD}.Debug|Any CPU.Build.0 = Debug|Any CPU
		{793127DA-30B8-4310-AE3A-27AC3D60F3BD}.Release|Any CPU.ActiveCfg = Release|Any CPU
		{793127DA-30B8-4310-AE3A-27AC3D60F3BD}.Release|Any CPU.Build.0 = Release|Any CPU
		{9FEA0701-BF0B-4D66-87B5-E75AC7DD1DBC}.Debug|Any CPU.ActiveCfg = Debug|Any CPU
		{9FEA0701-BF0B-4D66-87B5-E75AC7DD1DBC}.Debug|Any CPU.Build.0 = Debug|Any CPU
		{9FEA0701-BF0B-4D66-87B5-E75AC7DD1DBC}.Release|Any CPU.ActiveCfg = Release|Any CPU
		{9FEA0701-BF0B-4D66-87B5-E75AC7DD1DBC}.Release|Any CPU.Build.0 = Release|Any CPU
		{C0040D49-AC6F-44A4-A269-3F6F3D519AAB}.Debug|Any CPU.ActiveCfg = Debug|Any CPU
		{C0040D49-AC6F-44A4-A269-3F6F3D519AAB}.Debug|Any CPU.Build.0 = Debug|Any CPU
		{C0040D49-AC6F-44A4-A269-3F6F3D519AAB}.Release|Any CPU.ActiveCfg = Release|Any CPU
		{C0040D49-AC6F-44A4-A269-3F6F3D519AAB}.Release|Any CPU.Build.0 = Release|Any CPU
		{8D0C4DBD-A715-4A7F-9A49-F830284F0C62}.Debug|Any CPU.ActiveCfg = Debug|Any CPU
		{8D0C4DBD-A715-4A7F-9A49-F830284F0C62}.Debug|Any CPU.Build.0 = Debug|Any CPU
		{8D0C4DBD-A715-4A7F-9A49-F830284F0C62}.Release|Any CPU.ActiveCfg = Release|Any CPU
		{8D0C4DBD-A715-4A7F-9A49-F830284F0C62}.Release|Any CPU.Build.0 = Release|Any CPU
		{A495AD0E-63D8-486F-98DF-0EAFEA34F43E}.Debug|Any CPU.ActiveCfg = Debug|Any CPU
		{A495AD0E-63D8-486F-98DF-0EAFEA34F43E}.Debug|Any CPU.Build.0 = Debug|Any CPU
		{A495AD0E-63D8-486F-98DF-0EAFEA34F43E}.Release|Any CPU.ActiveCfg = Release|Any CPU
		{A495AD0E-63D8-486F-98DF-0EAFEA34F43E}.Release|Any CPU.Build.0 = Release|Any CPU
		{543099FB-6D6C-4AB3-9D26-296B6895976C}.Debug|Any CPU.ActiveCfg = Debug|Any CPU
		{543099FB-6D6C-4AB3-9D26-296B6895976C}.Debug|Any CPU.Build.0 = Debug|Any CPU
		{543099FB-6D6C-4AB3-9D26-296B6895976C}.Release|Any CPU.ActiveCfg = Release|Any CPU
		{543099FB-6D6C-4AB3-9D26-296B6895976C}.Release|Any CPU.Build.0 = Release|Any CPU
		{B43F656E-FD94-4B4C-AA8B-E7BC9C7CA3DB}.Debug|Any CPU.ActiveCfg = Debug|Any CPU
		{B43F656E-FD94-4B4C-AA8B-E7BC9C7CA3DB}.Debug|Any CPU.Build.0 = Debug|Any CPU
		{B43F656E-FD94-4B4C-AA8B-E7BC9C7CA3DB}.Release|Any CPU.ActiveCfg = Release|Any CPU
		{B43F656E-FD94-4B4C-AA8B-E7BC9C7CA3DB}.Release|Any CPU.Build.0 = Release|Any CPU
		{CCA8F829-51F5-47C5-914C-B0A1C13053AD}.Debug|Any CPU.ActiveCfg = Debug|Any CPU
		{CCA8F829-51F5-47C5-914C-B0A1C13053AD}.Debug|Any CPU.Build.0 = Debug|Any CPU
		{CCA8F829-51F5-47C5-914C-B0A1C13053AD}.Release|Any CPU.ActiveCfg = Release|Any CPU
		{CCA8F829-51F5-47C5-914C-B0A1C13053AD}.Release|Any CPU.Build.0 = Release|Any CPU
		{F486783E-D123-4310-8E8C-1DE39D5D7C3E}.Debug|Any CPU.ActiveCfg = Debug|Any CPU
		{F486783E-D123-4310-8E8C-1DE39D5D7C3E}.Debug|Any CPU.Build.0 = Debug|Any CPU
		{F486783E-D123-4310-8E8C-1DE39D5D7C3E}.Release|Any CPU.ActiveCfg = Release|Any CPU
		{F486783E-D123-4310-8E8C-1DE39D5D7C3E}.Release|Any CPU.Build.0 = Release|Any CPU
		{97E03BB8-BD0A-4FDD-842F-DCDCA8C2D933}.Debug|Any CPU.ActiveCfg = Debug|Any CPU
		{97E03BB8-BD0A-4FDD-842F-DCDCA8C2D933}.Debug|Any CPU.Build.0 = Debug|Any CPU
		{97E03BB8-BD0A-4FDD-842F-DCDCA8C2D933}.Release|Any CPU.ActiveCfg = Release|Any CPU
		{97E03BB8-BD0A-4FDD-842F-DCDCA8C2D933}.Release|Any CPU.Build.0 = Release|Any CPU
		{0C11D1EE-8389-44C8-B626-E2DFD8FA993C}.Debug|Any CPU.ActiveCfg = Debug|Any CPU
		{0C11D1EE-8389-44C8-B626-E2DFD8FA993C}.Debug|Any CPU.Build.0 = Debug|Any CPU
		{0C11D1EE-8389-44C8-B626-E2DFD8FA993C}.Release|Any CPU.ActiveCfg = Release|Any CPU
		{0C11D1EE-8389-44C8-B626-E2DFD8FA993C}.Release|Any CPU.Build.0 = Release|Any CPU
		{63BFDA1A-CDC4-442F-BF99-8EE45697B6C3}.Debug|Any CPU.ActiveCfg = Debug|Any CPU
		{63BFDA1A-CDC4-442F-BF99-8EE45697B6C3}.Debug|Any CPU.Build.0 = Debug|Any CPU
		{63BFDA1A-CDC4-442F-BF99-8EE45697B6C3}.Release|Any CPU.ActiveCfg = Release|Any CPU
		{63BFDA1A-CDC4-442F-BF99-8EE45697B6C3}.Release|Any CPU.Build.0 = Release|Any CPU
		{3BAD9CAE-A494-4D38-825C-7A2DDAE4BC56}.Debug|Any CPU.ActiveCfg = Debug|Any CPU
		{3BAD9CAE-A494-4D38-825C-7A2DDAE4BC56}.Debug|Any CPU.Build.0 = Debug|Any CPU
		{3BAD9CAE-A494-4D38-825C-7A2DDAE4BC56}.Release|Any CPU.ActiveCfg = Release|Any CPU
		{3BAD9CAE-A494-4D38-825C-7A2DDAE4BC56}.Release|Any CPU.Build.0 = Release|Any CPU
		{F0DCBF5B-3231-42FE-A834-67511783111C}.Debug|Any CPU.ActiveCfg = Debug|Any CPU
		{F0DCBF5B-3231-42FE-A834-67511783111C}.Debug|Any CPU.Build.0 = Debug|Any CPU
		{F0DCBF5B-3231-42FE-A834-67511783111C}.Release|Any CPU.ActiveCfg = Release|Any CPU
		{F0DCBF5B-3231-42FE-A834-67511783111C}.Release|Any CPU.Build.0 = Release|Any CPU
		{6BADFF27-C01B-4D64-A52A-9F9AF02C5911}.Debug|Any CPU.ActiveCfg = Debug|Any CPU
		{6BADFF27-C01B-4D64-A52A-9F9AF02C5911}.Debug|Any CPU.Build.0 = Debug|Any CPU
		{6BADFF27-C01B-4D64-A52A-9F9AF02C5911}.Release|Any CPU.ActiveCfg = Release|Any CPU
		{6BADFF27-C01B-4D64-A52A-9F9AF02C5911}.Release|Any CPU.Build.0 = Release|Any CPU
		{0784606D-3237-4B5F-85E3-4432E39A8D47}.Debug|Any CPU.ActiveCfg = Debug|Any CPU
		{0784606D-3237-4B5F-85E3-4432E39A8D47}.Debug|Any CPU.Build.0 = Debug|Any CPU
		{0784606D-3237-4B5F-85E3-4432E39A8D47}.Release|Any CPU.ActiveCfg = Release|Any CPU
		{0784606D-3237-4B5F-85E3-4432E39A8D47}.Release|Any CPU.Build.0 = Release|Any CPU
		{55B965EB-4B52-4FBF-B463-998DE9B8C57E}.Debug|Any CPU.ActiveCfg = Debug|Any CPU
		{55B965EB-4B52-4FBF-B463-998DE9B8C57E}.Debug|Any CPU.Build.0 = Debug|Any CPU
		{55B965EB-4B52-4FBF-B463-998DE9B8C57E}.Release|Any CPU.ActiveCfg = Release|Any CPU
		{55B965EB-4B52-4FBF-B463-998DE9B8C57E}.Release|Any CPU.Build.0 = Release|Any CPU
		{D3168E2B-6931-417E-84E6-D060F7E86FA4}.Debug|Any CPU.ActiveCfg = Debug|Any CPU
		{D3168E2B-6931-417E-84E6-D060F7E86FA4}.Debug|Any CPU.Build.0 = Debug|Any CPU
		{D3168E2B-6931-417E-84E6-D060F7E86FA4}.Release|Any CPU.ActiveCfg = Release|Any CPU
		{D3168E2B-6931-417E-84E6-D060F7E86FA4}.Release|Any CPU.Build.0 = Release|Any CPU
		{8E4928D4-A330-441B-AC69-715993B155BE}.Debug|Any CPU.ActiveCfg = Debug|Any CPU
		{8E4928D4-A330-441B-AC69-715993B155BE}.Debug|Any CPU.Build.0 = Debug|Any CPU
		{8E4928D4-A330-441B-AC69-715993B155BE}.Release|Any CPU.ActiveCfg = Release|Any CPU
		{8E4928D4-A330-441B-AC69-715993B155BE}.Release|Any CPU.Build.0 = Release|Any CPU
		{67F6FCC5-02DC-41F9-9A27-29763E1A6D85}.Debug|Any CPU.ActiveCfg = Debug|Any CPU
		{67F6FCC5-02DC-41F9-9A27-29763E1A6D85}.Debug|Any CPU.Build.0 = Debug|Any CPU
		{67F6FCC5-02DC-41F9-9A27-29763E1A6D85}.Release|Any CPU.ActiveCfg = Release|Any CPU
		{67F6FCC5-02DC-41F9-9A27-29763E1A6D85}.Release|Any CPU.Build.0 = Release|Any CPU
		{F33C44FE-E784-415F-86D5-B17A6D572C83}.Debug|Any CPU.ActiveCfg = Debug|Any CPU
		{F33C44FE-E784-415F-86D5-B17A6D572C83}.Debug|Any CPU.Build.0 = Debug|Any CPU
		{F33C44FE-E784-415F-86D5-B17A6D572C83}.Release|Any CPU.ActiveCfg = Release|Any CPU
		{F33C44FE-E784-415F-86D5-B17A6D572C83}.Release|Any CPU.Build.0 = Release|Any CPU
		{7859B856-622F-4359-AD11-61AEDB47633F}.Debug|Any CPU.ActiveCfg = Debug|Any CPU
		{7859B856-622F-4359-AD11-61AEDB47633F}.Debug|Any CPU.Build.0 = Debug|Any CPU
		{7859B856-622F-4359-AD11-61AEDB47633F}.Release|Any CPU.ActiveCfg = Release|Any CPU
		{7859B856-622F-4359-AD11-61AEDB47633F}.Release|Any CPU.Build.0 = Release|Any CPU
		{4A65B0A6-CC65-4B9C-B71F-B1784F9C5B19}.Debug|Any CPU.ActiveCfg = Debug|Any CPU
		{4A65B0A6-CC65-4B9C-B71F-B1784F9C5B19}.Debug|Any CPU.Build.0 = Debug|Any CPU
		{4A65B0A6-CC65-4B9C-B71F-B1784F9C5B19}.Release|Any CPU.ActiveCfg = Release|Any CPU
		{4A65B0A6-CC65-4B9C-B71F-B1784F9C5B19}.Release|Any CPU.Build.0 = Release|Any CPU
		{902876C5-7ADA-42E5-A661-0A74DF3F753F}.Debug|Any CPU.ActiveCfg = Debug|Any CPU
		{902876C5-7ADA-42E5-A661-0A74DF3F753F}.Debug|Any CPU.Build.0 = Debug|Any CPU
		{902876C5-7ADA-42E5-A661-0A74DF3F753F}.Release|Any CPU.ActiveCfg = Release|Any CPU
		{902876C5-7ADA-42E5-A661-0A74DF3F753F}.Release|Any CPU.Build.0 = Release|Any CPU
	EndGlobalSection
	GlobalSection(SolutionProperties) = preSolution
		HideSolutionNode = FALSE
	EndGlobalSection
	GlobalSection(NestedProjects) = preSolution
		{8E4928D4-A330-441B-AC69-715993B155BE} = {1C617EB6-9189-47B9-A68F-11B9C1DA21D4}
		{67F6FCC5-02DC-41F9-9A27-29763E1A6D85} = {1C617EB6-9189-47B9-A68F-11B9C1DA21D4}
		{F33C44FE-E784-415F-86D5-B17A6D572C83} = {1C617EB6-9189-47B9-A68F-11B9C1DA21D4}
		{7859B856-622F-4359-AD11-61AEDB47633F} = {1C617EB6-9189-47B9-A68F-11B9C1DA21D4}
		{4A65B0A6-CC65-4B9C-B71F-B1784F9C5B19} = {1C617EB6-9189-47B9-A68F-11B9C1DA21D4}
	EndGlobalSection
	GlobalSection(ExtensibilityGlobals) = postSolution
		SolutionGuid = {FEBC2FF7-F02B-45AF-BA12-49790250FE47}
	EndGlobalSection
EndGlobal
